// !$*UTF8*$!
{
	archiveVersion = 1;
	classes = {
	};
	objectVersion = 50;
	objects = {

/* Begin PBXBuildFile section */
		935D6EF221873CBE006D6ACB /* AppDelegate.swift in Sources */ = {isa = PBXBuildFile; fileRef = 935D6EF121873CBE006D6ACB /* AppDelegate.swift */; };
		935D6EF721873CBE006D6ACB /* Main.storyboard in Resources */ = {isa = PBXBuildFile; fileRef = 935D6EF521873CBE006D6ACB /* Main.storyboard */; };
		935D6EF921873CBF006D6ACB /* Assets.xcassets in Resources */ = {isa = PBXBuildFile; fileRef = 935D6EF821873CBF006D6ACB /* Assets.xcassets */; };
		935D6EFC21873CBF006D6ACB /* LaunchScreen.storyboard in Resources */ = {isa = PBXBuildFile; fileRef = 935D6EFA21873CBF006D6ACB /* LaunchScreen.storyboard */; };
		935D6F0721873CBF006D6ACB /* RaccoonTests.swift in Sources */ = {isa = PBXBuildFile; fileRef = 935D6F0621873CBF006D6ACB /* RaccoonTests.swift */; };
		935D6F1221873CBF006D6ACB /* RaccoonUITests.swift in Sources */ = {isa = PBXBuildFile; fileRef = 935D6F1121873CBF006D6ACB /* RaccoonUITests.swift */; };
		93719A11218EE67C000FB8F7 /* RootViewController.swift in Sources */ = {isa = PBXBuildFile; fileRef = 93719A10218EE67C000FB8F7 /* RootViewController.swift */; };
		93719A15218F2948000FB8F7 /* Gallery.framework in Frameworks */ = {isa = PBXBuildFile; fileRef = 93719A14218F2948000FB8F7 /* Gallery.framework */; };
		93719A17218F2958000FB8F7 /* RxCocoa.framework in Frameworks */ = {isa = PBXBuildFile; fileRef = 93719A16218F2958000FB8F7 /* RxCocoa.framework */; };
		93719A19218F2968000FB8F7 /* RxSwift.framework in Frameworks */ = {isa = PBXBuildFile; fileRef = 93719A18218F2968000FB8F7 /* RxSwift.framework */; };
		93719A1F218F2AC8000FB8F7 /* PlayList.storyboard in Resources */ = {isa = PBXBuildFile; fileRef = 93719A1E218F2AC8000FB8F7 /* PlayList.storyboard */; };
		93719A21218F2ACF000FB8F7 /* Player.storyboard in Resources */ = {isa = PBXBuildFile; fileRef = 93719A20218F2ACF000FB8F7 /* Player.storyboard */; };
		93719A23218F2B9D000FB8F7 /* PlayListController.swift in Sources */ = {isa = PBXBuildFile; fileRef = 93719A22218F2B9D000FB8F7 /* PlayListController.swift */; };
		93719A25218F2BB7000FB8F7 /* PlayListViewModel.swift in Sources */ = {isa = PBXBuildFile; fileRef = 93719A24218F2BB7000FB8F7 /* PlayListViewModel.swift */; };
		93719A28218F2C00000FB8F7 /* Bindable.swift in Sources */ = {isa = PBXBuildFile; fileRef = 93719A27218F2C00000FB8F7 /* Bindable.swift */; };
		93719A2A218F2E6B000FB8F7 /* Permission.swift in Sources */ = {isa = PBXBuildFile; fileRef = 93719A29218F2E6B000FB8F7 /* Permission.swift */; };
		93719A2C218F2EA9000FB8F7 /* BaseDAO.swift in Sources */ = {isa = PBXBuildFile; fileRef = 93719A2B218F2EA9000FB8F7 /* BaseDAO.swift */; };
		93719A2E218F3135000FB8F7 /* Realm.framework in Frameworks */ = {isa = PBXBuildFile; fileRef = 93719A2D218F3135000FB8F7 /* Realm.framework */; };
		93719A30218F3143000FB8F7 /* RealmSwift.framework in Frameworks */ = {isa = PBXBuildFile; fileRef = 93719A2F218F3143000FB8F7 /* RealmSwift.framework */; };
		93719A34218F3355000FB8F7 /* UIWindow+Extension.swift in Sources */ = {isa = PBXBuildFile; fileRef = 93719A33218F3355000FB8F7 /* UIWindow+Extension.swift */; };
		93719A36218F33D6000FB8F7 /* UIView+Extension.swift in Sources */ = {isa = PBXBuildFile; fileRef = 93719A35218F33D6000FB8F7 /* UIView+Extension.swift */; };
		93719A38218F368D000FB8F7 /* PlayListCell.swift in Sources */ = {isa = PBXBuildFile; fileRef = 93719A37218F368D000FB8F7 /* PlayListCell.swift */; };
		93719A3A218F370E000FB8F7 /* PlayListCellViewModel.swift in Sources */ = {isa = PBXBuildFile; fileRef = 93719A39218F370E000FB8F7 /* PlayListCellViewModel.swift */; };
		93719A3D218F3B72000FB8F7 /* RootViewModel.swift in Sources */ = {isa = PBXBuildFile; fileRef = 93719A3C218F3B72000FB8F7 /* RootViewModel.swift */; };
		93719A40218F48C2000FB8F7 /* CardsLayout.swift in Sources */ = {isa = PBXBuildFile; fileRef = 93719A3F218F48C2000FB8F7 /* CardsLayout.swift */; };
		93719A43218F62DC000FB8F7 /* PlayListItem.swift in Sources */ = {isa = PBXBuildFile; fileRef = 93719A42218F62DC000FB8F7 /* PlayListItem.swift */; };
		93719A45218F638F000FB8F7 /* PlayListService.swift in Sources */ = {isa = PBXBuildFile; fileRef = 93719A44218F638F000FB8F7 /* PlayListService.swift */; };
		93719A47218F63E7000FB8F7 /* PlayListDAO.swift in Sources */ = {isa = PBXBuildFile; fileRef = 93719A46218F63E7000FB8F7 /* PlayListDAO.swift */; };
		93719A4D218F6B1F000FB8F7 /* ImageSourceView.swift in Sources */ = {isa = PBXBuildFile; fileRef = 93719A4C218F6B1F000FB8F7 /* ImageSourceView.swift */; };
		93719A4F218F6C95000FB8F7 /* URL+Extension.swift in Sources */ = {isa = PBXBuildFile; fileRef = 93719A4E218F6C95000FB8F7 /* URL+Extension.swift */; };
		937A377821920120005C2AE2 /* RxDataSources.framework in Frameworks */ = {isa = PBXBuildFile; fileRef = 937A377721920120005C2AE2 /* RxDataSources.framework */; };
		937A377A219201AD005C2AE2 /* Differentiator.framework in Frameworks */ = {isa = PBXBuildFile; fileRef = 937A3779219201AD005C2AE2 /* Differentiator.framework */; };
/* End PBXBuildFile section */

/* Begin PBXContainerItemProxy section */
		935D6F0321873CBF006D6ACB /* PBXContainerItemProxy */ = {
			isa = PBXContainerItemProxy;
			containerPortal = 935D6EE621873CBD006D6ACB /* Project object */;
			proxyType = 1;
			remoteGlobalIDString = 935D6EED21873CBD006D6ACB;
			remoteInfo = Raccoon;
		};
		935D6F0E21873CBF006D6ACB /* PBXContainerItemProxy */ = {
			isa = PBXContainerItemProxy;
			containerPortal = 935D6EE621873CBD006D6ACB /* Project object */;
			proxyType = 1;
			remoteGlobalIDString = 935D6EED21873CBD006D6ACB;
			remoteInfo = Raccoon;
		};
/* End PBXContainerItemProxy section */

/* Begin PBXFileReference section */
		935D6EEE21873CBE006D6ACB /* Raccoon.app */ = {isa = PBXFileReference; explicitFileType = wrapper.application; includeInIndex = 0; path = Raccoon.app; sourceTree = BUILT_PRODUCTS_DIR; };
		935D6EF121873CBE006D6ACB /* AppDelegate.swift */ = {isa = PBXFileReference; lastKnownFileType = sourcecode.swift; path = AppDelegate.swift; sourceTree = "<group>"; };
		935D6EF621873CBE006D6ACB /* Base */ = {isa = PBXFileReference; lastKnownFileType = file.storyboard; name = Base; path = Base.lproj/Main.storyboard; sourceTree = "<group>"; };
		935D6EF821873CBF006D6ACB /* Assets.xcassets */ = {isa = PBXFileReference; lastKnownFileType = folder.assetcatalog; path = Assets.xcassets; sourceTree = "<group>"; };
		935D6EFB21873CBF006D6ACB /* Base */ = {isa = PBXFileReference; lastKnownFileType = file.storyboard; name = Base; path = Base.lproj/LaunchScreen.storyboard; sourceTree = "<group>"; };
		935D6EFD21873CBF006D6ACB /* Info.plist */ = {isa = PBXFileReference; lastKnownFileType = text.plist.xml; path = Info.plist; sourceTree = "<group>"; };
		935D6F0221873CBF006D6ACB /* RaccoonTests.xctest */ = {isa = PBXFileReference; explicitFileType = wrapper.cfbundle; includeInIndex = 0; path = RaccoonTests.xctest; sourceTree = BUILT_PRODUCTS_DIR; };
		935D6F0621873CBF006D6ACB /* RaccoonTests.swift */ = {isa = PBXFileReference; lastKnownFileType = sourcecode.swift; path = RaccoonTests.swift; sourceTree = "<group>"; };
		935D6F0821873CBF006D6ACB /* Info.plist */ = {isa = PBXFileReference; lastKnownFileType = text.plist.xml; path = Info.plist; sourceTree = "<group>"; };
		935D6F0D21873CBF006D6ACB /* RaccoonUITests.xctest */ = {isa = PBXFileReference; explicitFileType = wrapper.cfbundle; includeInIndex = 0; path = RaccoonUITests.xctest; sourceTree = BUILT_PRODUCTS_DIR; };
		935D6F1121873CBF006D6ACB /* RaccoonUITests.swift */ = {isa = PBXFileReference; lastKnownFileType = sourcecode.swift; path = RaccoonUITests.swift; sourceTree = "<group>"; };
		935D6F1321873CBF006D6ACB /* Info.plist */ = {isa = PBXFileReference; lastKnownFileType = text.plist.xml; path = Info.plist; sourceTree = "<group>"; };
		93719A10218EE67C000FB8F7 /* RootViewController.swift */ = {isa = PBXFileReference; lastKnownFileType = sourcecode.swift; path = RootViewController.swift; sourceTree = "<group>"; };
		93719A14218F2948000FB8F7 /* Gallery.framework */ = {isa = PBXFileReference; lastKnownFileType = wrapper.framework; name = Gallery.framework; path = Carthage/Build/iOS/Gallery.framework; sourceTree = "<group>"; };
		93719A16218F2958000FB8F7 /* RxCocoa.framework */ = {isa = PBXFileReference; lastKnownFileType = wrapper.framework; name = RxCocoa.framework; path = Carthage/Build/iOS/RxCocoa.framework; sourceTree = "<group>"; };
		93719A18218F2968000FB8F7 /* RxSwift.framework */ = {isa = PBXFileReference; lastKnownFileType = wrapper.framework; name = RxSwift.framework; path = Carthage/Build/iOS/RxSwift.framework; sourceTree = "<group>"; };
		93719A1E218F2AC8000FB8F7 /* PlayList.storyboard */ = {isa = PBXFileReference; lastKnownFileType = file.storyboard; path = PlayList.storyboard; sourceTree = "<group>"; };
		93719A20218F2ACF000FB8F7 /* Player.storyboard */ = {isa = PBXFileReference; lastKnownFileType = file.storyboard; path = Player.storyboard; sourceTree = "<group>"; };
		93719A22218F2B9D000FB8F7 /* PlayListController.swift */ = {isa = PBXFileReference; lastKnownFileType = sourcecode.swift; path = PlayListController.swift; sourceTree = "<group>"; };
		93719A24218F2BB7000FB8F7 /* PlayListViewModel.swift */ = {isa = PBXFileReference; lastKnownFileType = sourcecode.swift; path = PlayListViewModel.swift; sourceTree = "<group>"; };
		93719A27218F2C00000FB8F7 /* Bindable.swift */ = {isa = PBXFileReference; lastKnownFileType = sourcecode.swift; path = Bindable.swift; sourceTree = "<group>"; };
		93719A29218F2E6B000FB8F7 /* Permission.swift */ = {isa = PBXFileReference; lastKnownFileType = sourcecode.swift; path = Permission.swift; sourceTree = "<group>"; };
		93719A2B218F2EA9000FB8F7 /* BaseDAO.swift */ = {isa = PBXFileReference; lastKnownFileType = sourcecode.swift; path = BaseDAO.swift; sourceTree = "<group>"; };
		93719A2D218F3135000FB8F7 /* Realm.framework */ = {isa = PBXFileReference; lastKnownFileType = wrapper.framework; name = Realm.framework; path = Carthage/Build/iOS/Realm.framework; sourceTree = "<group>"; };
		93719A2F218F3143000FB8F7 /* RealmSwift.framework */ = {isa = PBXFileReference; lastKnownFileType = wrapper.framework; name = RealmSwift.framework; path = Carthage/Build/iOS/RealmSwift.framework; sourceTree = "<group>"; };
		93719A33218F3355000FB8F7 /* UIWindow+Extension.swift */ = {isa = PBXFileReference; lastKnownFileType = sourcecode.swift; path = "UIWindow+Extension.swift"; sourceTree = "<group>"; };
		93719A35218F33D6000FB8F7 /* UIView+Extension.swift */ = {isa = PBXFileReference; lastKnownFileType = sourcecode.swift; path = "UIView+Extension.swift"; sourceTree = "<group>"; };
		93719A37218F368D000FB8F7 /* PlayListCell.swift */ = {isa = PBXFileReference; lastKnownFileType = sourcecode.swift; path = PlayListCell.swift; sourceTree = "<group>"; };
		93719A39218F370E000FB8F7 /* PlayListCellViewModel.swift */ = {isa = PBXFileReference; lastKnownFileType = sourcecode.swift; path = PlayListCellViewModel.swift; sourceTree = "<group>"; };
		93719A3C218F3B72000FB8F7 /* RootViewModel.swift */ = {isa = PBXFileReference; lastKnownFileType = sourcecode.swift; path = RootViewModel.swift; sourceTree = "<group>"; };
		93719A3F218F48C2000FB8F7 /* CardsLayout.swift */ = {isa = PBXFileReference; lastKnownFileType = sourcecode.swift; path = CardsLayout.swift; sourceTree = "<group>"; };
		93719A42218F62DC000FB8F7 /* PlayListItem.swift */ = {isa = PBXFileReference; lastKnownFileType = sourcecode.swift; path = PlayListItem.swift; sourceTree = "<group>"; };
		93719A44218F638F000FB8F7 /* PlayListService.swift */ = {isa = PBXFileReference; lastKnownFileType = sourcecode.swift; path = PlayListService.swift; sourceTree = "<group>"; };
		93719A46218F63E7000FB8F7 /* PlayListDAO.swift */ = {isa = PBXFileReference; lastKnownFileType = sourcecode.swift; path = PlayListDAO.swift; sourceTree = "<group>"; };
		93719A4C218F6B1F000FB8F7 /* ImageSourceView.swift */ = {isa = PBXFileReference; lastKnownFileType = sourcecode.swift; path = ImageSourceView.swift; sourceTree = "<group>"; };
		93719A4E218F6C95000FB8F7 /* URL+Extension.swift */ = {isa = PBXFileReference; lastKnownFileType = sourcecode.swift; path = "URL+Extension.swift"; sourceTree = "<group>"; };
		937A377721920120005C2AE2 /* RxDataSources.framework */ = {isa = PBXFileReference; lastKnownFileType = wrapper.framework; name = RxDataSources.framework; path = Carthage/Build/iOS/RxDataSources.framework; sourceTree = "<group>"; };
		937A3779219201AD005C2AE2 /* Differentiator.framework */ = {isa = PBXFileReference; lastKnownFileType = wrapper.framework; name = Differentiator.framework; path = Carthage/Build/iOS/Differentiator.framework; sourceTree = "<group>"; };
/* End PBXFileReference section */

/* Begin PBXFrameworksBuildPhase section */
		935D6EEB21873CBD006D6ACB /* Frameworks */ = {
			isa = PBXFrameworksBuildPhase;
			buildActionMask = 2147483647;
			files = (
				937A377A219201AD005C2AE2 /* Differentiator.framework in Frameworks */,
				937A377821920120005C2AE2 /* RxDataSources.framework in Frameworks */,
				93719A30218F3143000FB8F7 /* RealmSwift.framework in Frameworks */,
				93719A2E218F3135000FB8F7 /* Realm.framework in Frameworks */,
				93719A19218F2968000FB8F7 /* RxSwift.framework in Frameworks */,
				93719A17218F2958000FB8F7 /* RxCocoa.framework in Frameworks */,
				93719A15218F2948000FB8F7 /* Gallery.framework in Frameworks */,
			);
			runOnlyForDeploymentPostprocessing = 0;
		};
		935D6EFF21873CBF006D6ACB /* Frameworks */ = {
			isa = PBXFrameworksBuildPhase;
			buildActionMask = 2147483647;
			files = (
			);
			runOnlyForDeploymentPostprocessing = 0;
		};
		935D6F0A21873CBF006D6ACB /* Frameworks */ = {
			isa = PBXFrameworksBuildPhase;
			buildActionMask = 2147483647;
			files = (
			);
			runOnlyForDeploymentPostprocessing = 0;
		};
/* End PBXFrameworksBuildPhase section */

/* Begin PBXGroup section */
		935D6EE521873CBD006D6ACB = {
			isa = PBXGroup;
			children = (
				935D6EF021873CBE006D6ACB /* Raccoon */,
				935D6F0521873CBF006D6ACB /* RaccoonTests */,
				935D6F1021873CBF006D6ACB /* RaccoonUITests */,
				935D6EEF21873CBE006D6ACB /* Products */,
				93719A13218F2948000FB8F7 /* Frameworks */,
			);
			sourceTree = "<group>";
		};
		935D6EEF21873CBE006D6ACB /* Products */ = {
			isa = PBXGroup;
			children = (
				935D6EEE21873CBE006D6ACB /* Raccoon.app */,
				935D6F0221873CBF006D6ACB /* RaccoonTests.xctest */,
				935D6F0D21873CBF006D6ACB /* RaccoonUITests.xctest */,
			);
			name = Products;
			sourceTree = "<group>";
		};
		935D6EF021873CBE006D6ACB /* Raccoon */ = {
			isa = PBXGroup;
			children = (
				935D6EF121873CBE006D6ACB /* AppDelegate.swift */,
				935D6EF521873CBE006D6ACB /* Main.storyboard */,
				935D6EFA21873CBF006D6ACB /* LaunchScreen.storyboard */,
				93719A3B218F398D000FB8F7 /* Root */,
				93719A1B218F2AA1000FB8F7 /* Player */,
				93719A1A218F2A86000FB8F7 /* PlayList */,
				93719A26218F2BE5000FB8F7 /* Common */,
				93719A0F218EE65D000FB8F7 /* Supporting Files */,
				93719A0E218EE64B000FB8F7 /* Resources */,
			);
			path = Raccoon;
			sourceTree = "<group>";
		};
		935D6F0521873CBF006D6ACB /* RaccoonTests */ = {
			isa = PBXGroup;
			children = (
				935D6F0621873CBF006D6ACB /* RaccoonTests.swift */,
				935D6F0821873CBF006D6ACB /* Info.plist */,
			);
			path = RaccoonTests;
			sourceTree = "<group>";
		};
		935D6F1021873CBF006D6ACB /* RaccoonUITests */ = {
			isa = PBXGroup;
			children = (
				935D6F1121873CBF006D6ACB /* RaccoonUITests.swift */,
				935D6F1321873CBF006D6ACB /* Info.plist */,
			);
			path = RaccoonUITests;
			sourceTree = "<group>";
		};
		93719A0E218EE64B000FB8F7 /* Resources */ = {
			isa = PBXGroup;
			children = (
				935D6EF821873CBF006D6ACB /* Assets.xcassets */,
			);
			path = Resources;
			sourceTree = "<group>";
		};
		93719A0F218EE65D000FB8F7 /* Supporting Files */ = {
			isa = PBXGroup;
			children = (
				935D6EFD21873CBF006D6ACB /* Info.plist */,
			);
			path = "Supporting Files";
			sourceTree = "<group>";
		};
		93719A13218F2948000FB8F7 /* Frameworks */ = {
			isa = PBXGroup;
			children = (
				937A3779219201AD005C2AE2 /* Differentiator.framework */,
				937A377721920120005C2AE2 /* RxDataSources.framework */,
				93719A2F218F3143000FB8F7 /* RealmSwift.framework */,
				93719A2D218F3135000FB8F7 /* Realm.framework */,
				93719A18218F2968000FB8F7 /* RxSwift.framework */,
				93719A16218F2958000FB8F7 /* RxCocoa.framework */,
				93719A14218F2948000FB8F7 /* Gallery.framework */,
			);
			name = Frameworks;
			sourceTree = "<group>";
		};
		93719A1A218F2A86000FB8F7 /* PlayList */ = {
			isa = PBXGroup;
			children = (
				93719A1E218F2AC8000FB8F7 /* PlayList.storyboard */,
				93719A22218F2B9D000FB8F7 /* PlayListController.swift */,
				93719A24218F2BB7000FB8F7 /* PlayListViewModel.swift */,
				93719A37218F368D000FB8F7 /* PlayListCell.swift */,
				93719A39218F370E000FB8F7 /* PlayListCellViewModel.swift */,
				93719A44218F638F000FB8F7 /* PlayListService.swift */,
				93719A46218F63E7000FB8F7 /* PlayListDAO.swift */,
				93719A42218F62DC000FB8F7 /* PlayListItem.swift */,
			);
			path = PlayList;
			sourceTree = "<group>";
		};
		93719A1B218F2AA1000FB8F7 /* Player */ = {
			isa = PBXGroup;
			children = (
				93719A20218F2ACF000FB8F7 /* Player.storyboard */,
			);
			path = Player;
			sourceTree = "<group>";
		};
		93719A26218F2BE5000FB8F7 /* Common */ = {
			isa = PBXGroup;
			children = (
				93719A3E218F48B4000FB8F7 /* Layout */,
				93719A32218F3344000FB8F7 /* Extension */,
				93719A31218F333C000FB8F7 /* Util */,
			);
			path = Common;
			sourceTree = "<group>";
		};
		93719A31218F333C000FB8F7 /* Util */ = {
			isa = PBXGroup;
			children = (
				93719A27218F2C00000FB8F7 /* Bindable.swift */,
				93719A29218F2E6B000FB8F7 /* Permission.swift */,
				93719A2B218F2EA9000FB8F7 /* BaseDAO.swift */,
				93719A4C218F6B1F000FB8F7 /* ImageSourceView.swift */,
			);
			path = Util;
			sourceTree = "<group>";
		};
		93719A32218F3344000FB8F7 /* Extension */ = {
			isa = PBXGroup;
			children = (
				93719A33218F3355000FB8F7 /* UIWindow+Extension.swift */,
				93719A35218F33D6000FB8F7 /* UIView+Extension.swift */,
				93719A4E218F6C95000FB8F7 /* URL+Extension.swift */,
			);
			path = Extension;
			sourceTree = "<group>";
		};
		93719A3B218F398D000FB8F7 /* Root */ = {
			isa = PBXGroup;
			children = (
				93719A10218EE67C000FB8F7 /* RootViewController.swift */,
				93719A3C218F3B72000FB8F7 /* RootViewModel.swift */,
			);
			path = Root;
			sourceTree = "<group>";
		};
		93719A3E218F48B4000FB8F7 /* Layout */ = {
			isa = PBXGroup;
			children = (
				93719A3F218F48C2000FB8F7 /* CardsLayout.swift */,
			);
			path = Layout;
			sourceTree = "<group>";
		};
/* End PBXGroup section */

/* Begin PBXNativeTarget section */
		935D6EED21873CBD006D6ACB /* Raccoon */ = {
			isa = PBXNativeTarget;
			buildConfigurationList = 935D6F1621873CBF006D6ACB /* Build configuration list for PBXNativeTarget "Raccoon" */;
			buildPhases = (
				935D6EEA21873CBD006D6ACB /* Sources */,
				935D6EEB21873CBD006D6ACB /* Frameworks */,
				935D6EEC21873CBD006D6ACB /* Resources */,
				93719A12218F28D9000FB8F7 /* ShellScript */,
			);
			buildRules = (
			);
			dependencies = (
			);
			name = Raccoon;
			productName = Raccoon;
			productReference = 935D6EEE21873CBE006D6ACB /* Raccoon.app */;
			productType = "com.apple.product-type.application";
		};
		935D6F0121873CBF006D6ACB /* RaccoonTests */ = {
			isa = PBXNativeTarget;
			buildConfigurationList = 935D6F1921873CBF006D6ACB /* Build configuration list for PBXNativeTarget "RaccoonTests" */;
			buildPhases = (
				935D6EFE21873CBF006D6ACB /* Sources */,
				935D6EFF21873CBF006D6ACB /* Frameworks */,
				935D6F0021873CBF006D6ACB /* Resources */,
			);
			buildRules = (
			);
			dependencies = (
				935D6F0421873CBF006D6ACB /* PBXTargetDependency */,
			);
			name = RaccoonTests;
			productName = RaccoonTests;
			productReference = 935D6F0221873CBF006D6ACB /* RaccoonTests.xctest */;
			productType = "com.apple.product-type.bundle.unit-test";
		};
		935D6F0C21873CBF006D6ACB /* RaccoonUITests */ = {
			isa = PBXNativeTarget;
			buildConfigurationList = 935D6F1C21873CBF006D6ACB /* Build configuration list for PBXNativeTarget "RaccoonUITests" */;
			buildPhases = (
				935D6F0921873CBF006D6ACB /* Sources */,
				935D6F0A21873CBF006D6ACB /* Frameworks */,
				935D6F0B21873CBF006D6ACB /* Resources */,
			);
			buildRules = (
			);
			dependencies = (
				935D6F0F21873CBF006D6ACB /* PBXTargetDependency */,
			);
			name = RaccoonUITests;
			productName = RaccoonUITests;
			productReference = 935D6F0D21873CBF006D6ACB /* RaccoonUITests.xctest */;
			productType = "com.apple.product-type.bundle.ui-testing";
		};
/* End PBXNativeTarget section */

/* Begin PBXProject section */
		935D6EE621873CBD006D6ACB /* Project object */ = {
			isa = PBXProject;
			attributes = {
				LastSwiftUpdateCheck = 1000;
				LastUpgradeCheck = 1000;
				ORGANIZATIONNAME = thekan;
				TargetAttributes = {
					935D6EED21873CBD006D6ACB = {
						CreatedOnToolsVersion = 10.0;
					};
					935D6F0121873CBF006D6ACB = {
						CreatedOnToolsVersion = 10.0;
						TestTargetID = 935D6EED21873CBD006D6ACB;
					};
					935D6F0C21873CBF006D6ACB = {
						CreatedOnToolsVersion = 10.0;
						TestTargetID = 935D6EED21873CBD006D6ACB;
					};
				};
			};
			buildConfigurationList = 935D6EE921873CBD006D6ACB /* Build configuration list for PBXProject "Raccoon" */;
			compatibilityVersion = "Xcode 9.3";
			developmentRegion = en;
			hasScannedForEncodings = 0;
			knownRegions = (
				en,
				Base,
			);
			mainGroup = 935D6EE521873CBD006D6ACB;
			productRefGroup = 935D6EEF21873CBE006D6ACB /* Products */;
			projectDirPath = "";
			projectRoot = "";
			targets = (
				935D6EED21873CBD006D6ACB /* Raccoon */,
				935D6F0121873CBF006D6ACB /* RaccoonTests */,
				935D6F0C21873CBF006D6ACB /* RaccoonUITests */,
			);
		};
/* End PBXProject section */

/* Begin PBXResourcesBuildPhase section */
		935D6EEC21873CBD006D6ACB /* Resources */ = {
			isa = PBXResourcesBuildPhase;
			buildActionMask = 2147483647;
			files = (
				93719A1F218F2AC8000FB8F7 /* PlayList.storyboard in Resources */,
				935D6EFC21873CBF006D6ACB /* LaunchScreen.storyboard in Resources */,
				93719A21218F2ACF000FB8F7 /* Player.storyboard in Resources */,
				935D6EF921873CBF006D6ACB /* Assets.xcassets in Resources */,
				935D6EF721873CBE006D6ACB /* Main.storyboard in Resources */,
			);
			runOnlyForDeploymentPostprocessing = 0;
		};
		935D6F0021873CBF006D6ACB /* Resources */ = {
			isa = PBXResourcesBuildPhase;
			buildActionMask = 2147483647;
			files = (
			);
			runOnlyForDeploymentPostprocessing = 0;
		};
		935D6F0B21873CBF006D6ACB /* Resources */ = {
			isa = PBXResourcesBuildPhase;
			buildActionMask = 2147483647;
			files = (
			);
			runOnlyForDeploymentPostprocessing = 0;
		};
/* End PBXResourcesBuildPhase section */

/* Begin PBXShellScriptBuildPhase section */
		93719A12218F28D9000FB8F7 /* ShellScript */ = {
			isa = PBXShellScriptBuildPhase;
			buildActionMask = 2147483647;
			files = (
			);
			inputFileListPaths = (
			);
			inputPaths = (
				"$(SRCROOT)/Carthage/Build/iOS/Gallery.framework",
				"$(SRCROOT)/Carthage/Build/iOS/RxCocoa.framework",
				"$(SRCROOT)/Carthage/Build/iOS/RxSwift.framework",
				"$(SRCROOT)/Carthage/Build/iOS/Realm.framework",
				"$(SRCROOT)/Carthage/Build/iOS/RealmSwift.framework",
				"$(SRCROOT)/Carthage/Build/iOS/RxDataSources.framework",
				"$(SRCROOT)/Carthage/Build/iOS/Differentiator.framework",
			);
			outputFileListPaths = (
			);
			outputPaths = (
			);
			runOnlyForDeploymentPostprocessing = 0;
			shellPath = /bin/sh;
			shellScript = "# Type a script or drag a script file from your workspace to insert its path.\n/usr/local/bin/carthage copy-frameworks\n";
		};
/* End PBXShellScriptBuildPhase section */

/* Begin PBXSourcesBuildPhase section */
		935D6EEA21873CBD006D6ACB /* Sources */ = {
			isa = PBXSourcesBuildPhase;
			buildActionMask = 2147483647;
			files = (
				93719A45218F638F000FB8F7 /* PlayListService.swift in Sources */,
				93719A4D218F6B1F000FB8F7 /* ImageSourceView.swift in Sources */,
				93719A40218F48C2000FB8F7 /* CardsLayout.swift in Sources */,
				93719A47218F63E7000FB8F7 /* PlayListDAO.swift in Sources */,
				93719A28218F2C00000FB8F7 /* Bindable.swift in Sources */,
				93719A4F218F6C95000FB8F7 /* URL+Extension.swift in Sources */,
				93719A34218F3355000FB8F7 /* UIWindow+Extension.swift in Sources */,
				93719A25218F2BB7000FB8F7 /* PlayListViewModel.swift in Sources */,
				93719A36218F33D6000FB8F7 /* UIView+Extension.swift in Sources */,
				93719A2C218F2EA9000FB8F7 /* BaseDAO.swift in Sources */,
				93719A43218F62DC000FB8F7 /* PlayListItem.swift in Sources */,
				93719A2A218F2E6B000FB8F7 /* Permission.swift in Sources */,
				935D6EF221873CBE006D6ACB /* AppDelegate.swift in Sources */,
				93719A23218F2B9D000FB8F7 /* PlayListController.swift in Sources */,
				93719A38218F368D000FB8F7 /* PlayListCell.swift in Sources */,
				93719A3A218F370E000FB8F7 /* PlayListCellViewModel.swift in Sources */,
				93719A3D218F3B72000FB8F7 /* RootViewModel.swift in Sources */,
				93719A11218EE67C000FB8F7 /* RootViewController.swift in Sources */,
			);
			runOnlyForDeploymentPostprocessing = 0;
		};
		935D6EFE21873CBF006D6ACB /* Sources */ = {
			isa = PBXSourcesBuildPhase;
			buildActionMask = 2147483647;
			files = (
				935D6F0721873CBF006D6ACB /* RaccoonTests.swift in Sources */,
			);
			runOnlyForDeploymentPostprocessing = 0;
		};
		935D6F0921873CBF006D6ACB /* Sources */ = {
			isa = PBXSourcesBuildPhase;
			buildActionMask = 2147483647;
			files = (
				935D6F1221873CBF006D6ACB /* RaccoonUITests.swift in Sources */,
			);
			runOnlyForDeploymentPostprocessing = 0;
		};
/* End PBXSourcesBuildPhase section */

/* Begin PBXTargetDependency section */
		935D6F0421873CBF006D6ACB /* PBXTargetDependency */ = {
			isa = PBXTargetDependency;
			target = 935D6EED21873CBD006D6ACB /* Raccoon */;
			targetProxy = 935D6F0321873CBF006D6ACB /* PBXContainerItemProxy */;
		};
		935D6F0F21873CBF006D6ACB /* PBXTargetDependency */ = {
			isa = PBXTargetDependency;
			target = 935D6EED21873CBD006D6ACB /* Raccoon */;
			targetProxy = 935D6F0E21873CBF006D6ACB /* PBXContainerItemProxy */;
		};
/* End PBXTargetDependency section */

/* Begin PBXVariantGroup section */
		935D6EF521873CBE006D6ACB /* Main.storyboard */ = {
			isa = PBXVariantGroup;
			children = (
				935D6EF621873CBE006D6ACB /* Base */,
			);
			name = Main.storyboard;
			sourceTree = "<group>";
		};
		935D6EFA21873CBF006D6ACB /* LaunchScreen.storyboard */ = {
			isa = PBXVariantGroup;
			children = (
				935D6EFB21873CBF006D6ACB /* Base */,
			);
			name = LaunchScreen.storyboard;
			sourceTree = "<group>";
		};
/* End PBXVariantGroup section */

/* Begin XCBuildConfiguration section */
		935D6F1421873CBF006D6ACB /* Debug */ = {
			isa = XCBuildConfiguration;
			buildSettings = {
				ALWAYS_SEARCH_USER_PATHS = NO;
				CLANG_ANALYZER_NONNULL = YES;
				CLANG_ANALYZER_NUMBER_OBJECT_CONVERSION = YES_AGGRESSIVE;
				CLANG_CXX_LANGUAGE_STANDARD = "gnu++14";
				CLANG_CXX_LIBRARY = "libc++";
				CLANG_ENABLE_MODULES = YES;
				CLANG_ENABLE_OBJC_ARC = YES;
				CLANG_ENABLE_OBJC_WEAK = YES;
				CLANG_WARN_BLOCK_CAPTURE_AUTORELEASING = YES;
				CLANG_WARN_BOOL_CONVERSION = YES;
				CLANG_WARN_COMMA = YES;
				CLANG_WARN_CONSTANT_CONVERSION = YES;
				CLANG_WARN_DEPRECATED_OBJC_IMPLEMENTATIONS = YES;
				CLANG_WARN_DIRECT_OBJC_ISA_USAGE = YES_ERROR;
				CLANG_WARN_DOCUMENTATION_COMMENTS = YES;
				CLANG_WARN_EMPTY_BODY = YES;
				CLANG_WARN_ENUM_CONVERSION = YES;
				CLANG_WARN_INFINITE_RECURSION = YES;
				CLANG_WARN_INT_CONVERSION = YES;
				CLANG_WARN_NON_LITERAL_NULL_CONVERSION = YES;
				CLANG_WARN_OBJC_IMPLICIT_RETAIN_SELF = YES;
				CLANG_WARN_OBJC_LITERAL_CONVERSION = YES;
				CLANG_WARN_OBJC_ROOT_CLASS = YES_ERROR;
				CLANG_WARN_RANGE_LOOP_ANALYSIS = YES;
				CLANG_WARN_STRICT_PROTOTYPES = YES;
				CLANG_WARN_SUSPICIOUS_MOVE = YES;
				CLANG_WARN_UNGUARDED_AVAILABILITY = YES_AGGRESSIVE;
				CLANG_WARN_UNREACHABLE_CODE = YES;
				CLANG_WARN__DUPLICATE_METHOD_MATCH = YES;
				CODE_SIGN_IDENTITY = "iPhone Developer";
				COPY_PHASE_STRIP = NO;
				DEBUG_INFORMATION_FORMAT = dwarf;
				ENABLE_STRICT_OBJC_MSGSEND = YES;
				ENABLE_TESTABILITY = YES;
				GCC_C_LANGUAGE_STANDARD = gnu11;
				GCC_DYNAMIC_NO_PIC = NO;
				GCC_NO_COMMON_BLOCKS = YES;
				GCC_OPTIMIZATION_LEVEL = 0;
				GCC_PREPROCESSOR_DEFINITIONS = (
					"DEBUG=1",
					"$(inherited)",
				);
				GCC_WARN_64_TO_32_BIT_CONVERSION = YES;
				GCC_WARN_ABOUT_RETURN_TYPE = YES_ERROR;
				GCC_WARN_UNDECLARED_SELECTOR = YES;
				GCC_WARN_UNINITIALIZED_AUTOS = YES_AGGRESSIVE;
				GCC_WARN_UNUSED_FUNCTION = YES;
				GCC_WARN_UNUSED_VARIABLE = YES;
				IPHONEOS_DEPLOYMENT_TARGET = 12.0;
				MTL_ENABLE_DEBUG_INFO = INCLUDE_SOURCE;
				MTL_FAST_MATH = YES;
				ONLY_ACTIVE_ARCH = YES;
				SDKROOT = iphoneos;
				SWIFT_ACTIVE_COMPILATION_CONDITIONS = DEBUG;
				SWIFT_OPTIMIZATION_LEVEL = "-Onone";
			};
			name = Debug;
		};
		935D6F1521873CBF006D6ACB /* Release */ = {
			isa = XCBuildConfiguration;
			buildSettings = {
				ALWAYS_SEARCH_USER_PATHS = NO;
				CLANG_ANALYZER_NONNULL = YES;
				CLANG_ANALYZER_NUMBER_OBJECT_CONVERSION = YES_AGGRESSIVE;
				CLANG_CXX_LANGUAGE_STANDARD = "gnu++14";
				CLANG_CXX_LIBRARY = "libc++";
				CLANG_ENABLE_MODULES = YES;
				CLANG_ENABLE_OBJC_ARC = YES;
				CLANG_ENABLE_OBJC_WEAK = YES;
				CLANG_WARN_BLOCK_CAPTURE_AUTORELEASING = YES;
				CLANG_WARN_BOOL_CONVERSION = YES;
				CLANG_WARN_COMMA = YES;
				CLANG_WARN_CONSTANT_CONVERSION = YES;
				CLANG_WARN_DEPRECATED_OBJC_IMPLEMENTATIONS = YES;
				CLANG_WARN_DIRECT_OBJC_ISA_USAGE = YES_ERROR;
				CLANG_WARN_DOCUMENTATION_COMMENTS = YES;
				CLANG_WARN_EMPTY_BODY = YES;
				CLANG_WARN_ENUM_CONVERSION = YES;
				CLANG_WARN_INFINITE_RECURSION = YES;
				CLANG_WARN_INT_CONVERSION = YES;
				CLANG_WARN_NON_LITERAL_NULL_CONVERSION = YES;
				CLANG_WARN_OBJC_IMPLICIT_RETAIN_SELF = YES;
				CLANG_WARN_OBJC_LITERAL_CONVERSION = YES;
				CLANG_WARN_OBJC_ROOT_CLASS = YES_ERROR;
				CLANG_WARN_RANGE_LOOP_ANALYSIS = YES;
				CLANG_WARN_STRICT_PROTOTYPES = YES;
				CLANG_WARN_SUSPICIOUS_MOVE = YES;
				CLANG_WARN_UNGUARDED_AVAILABILITY = YES_AGGRESSIVE;
				CLANG_WARN_UNREACHABLE_CODE = YES;
				CLANG_WARN__DUPLICATE_METHOD_MATCH = YES;
				CODE_SIGN_IDENTITY = "iPhone Developer";
				COPY_PHASE_STRIP = NO;
				DEBUG_INFORMATION_FORMAT = "dwarf-with-dsym";
				ENABLE_NS_ASSERTIONS = NO;
				ENABLE_STRICT_OBJC_MSGSEND = YES;
				GCC_C_LANGUAGE_STANDARD = gnu11;
				GCC_NO_COMMON_BLOCKS = YES;
				GCC_WARN_64_TO_32_BIT_CONVERSION = YES;
				GCC_WARN_ABOUT_RETURN_TYPE = YES_ERROR;
				GCC_WARN_UNDECLARED_SELECTOR = YES;
				GCC_WARN_UNINITIALIZED_AUTOS = YES_AGGRESSIVE;
				GCC_WARN_UNUSED_FUNCTION = YES;
				GCC_WARN_UNUSED_VARIABLE = YES;
				IPHONEOS_DEPLOYMENT_TARGET = 12.0;
				MTL_ENABLE_DEBUG_INFO = NO;
				MTL_FAST_MATH = YES;
				SDKROOT = iphoneos;
				SWIFT_COMPILATION_MODE = wholemodule;
				SWIFT_OPTIMIZATION_LEVEL = "-O";
				VALIDATE_PRODUCT = YES;
			};
			name = Release;
		};
		935D6F1721873CBF006D6ACB /* Debug */ = {
			isa = XCBuildConfiguration;
			buildSettings = {
				ASSETCATALOG_COMPILER_APPICON_NAME = AppIcon;
				CODE_SIGN_STYLE = Automatic;
				DEVELOPMENT_TEAM = LUER35A27W;
				FRAMEWORK_SEARCH_PATHS = (
					"$(inherited)",
					"$(PROJECT_DIR)/Carthage/Build/iOS",
				);
				INFOPLIST_FILE = "Raccoon/Supporting Files/Info.plist";
				LD_RUNPATH_SEARCH_PATHS = (
					"$(inherited)",
					"@executable_path/Frameworks",
				);
				PRODUCT_BUNDLE_IDENTIFIER = thekan.com.Raccoon;
				PRODUCT_NAME = "$(TARGET_NAME)";
				SWIFT_VERSION = 4.2;
				TARGETED_DEVICE_FAMILY = "1,2";
			};
			name = Debug;
		};
		935D6F1821873CBF006D6ACB /* Release */ = {
			isa = XCBuildConfiguration;
			buildSettings = {
				ASSETCATALOG_COMPILER_APPICON_NAME = AppIcon;
				CODE_SIGN_STYLE = Automatic;
				DEVELOPMENT_TEAM = LUER35A27W;
				FRAMEWORK_SEARCH_PATHS = (
					"$(inherited)",
					"$(PROJECT_DIR)/Carthage/Build/iOS",
				);
				INFOPLIST_FILE = "Raccoon/Supporting Files/Info.plist";
				LD_RUNPATH_SEARCH_PATHS = (
					"$(inherited)",
					"@executable_path/Frameworks",
				);
				PRODUCT_BUNDLE_IDENTIFIER = thekan.com.Raccoon;
				PRODUCT_NAME = "$(TARGET_NAME)";
				SWIFT_VERSION = 4.2;
				TARGETED_DEVICE_FAMILY = "1,2";
			};
			name = Release;
		};
		935D6F1A21873CBF006D6ACB /* Debug */ = {
			isa = XCBuildConfiguration;
			buildSettings = {
				ALWAYS_EMBED_SWIFT_STANDARD_LIBRARIES = YES;
				BUNDLE_LOADER = "$(TEST_HOST)";
				CODE_SIGN_STYLE = Automatic;
				DEVELOPMENT_TEAM = LUER35A27W;
				INFOPLIST_FILE = RaccoonTests/Info.plist;
				LD_RUNPATH_SEARCH_PATHS = (
					"$(inherited)",
					"@executable_path/Frameworks",
					"@loader_path/Frameworks",
				);
				PRODUCT_BUNDLE_IDENTIFIER = thekan.com.RaccoonTests;
				PRODUCT_NAME = "$(TARGET_NAME)";
				SWIFT_VERSION = 4.2;
				TARGETED_DEVICE_FAMILY = "1,2";
				TEST_HOST = "$(BUILT_PRODUCTS_DIR)/Raccoon.app/Raccoon";
			};
			name = Debug;
		};
		935D6F1B21873CBF006D6ACB /* Release */ = {
			isa = XCBuildConfiguration;
			buildSettings = {
				ALWAYS_EMBED_SWIFT_STANDARD_LIBRARIES = YES;
				BUNDLE_LOADER = "$(TEST_HOST)";
				CODE_SIGN_STYLE = Automatic;
				DEVELOPMENT_TEAM = LUER35A27W;
				INFOPLIST_FILE = RaccoonTests/Info.plist;
				LD_RUNPATH_SEARCH_PATHS = (
					"$(inherited)",
					"@executable_path/Frameworks",
					"@loader_path/Frameworks",
				);
				PRODUCT_BUNDLE_IDENTIFIER = thekan.com.RaccoonTests;
				PRODUCT_NAME = "$(TARGET_NAME)";
				SWIFT_VERSION = 4.2;
				TARGETED_DEVICE_FAMILY = "1,2";
				TEST_HOST = "$(BUILT_PRODUCTS_DIR)/Raccoon.app/Raccoon";
			};
			name = Release;
		};
		935D6F1D21873CBF006D6ACB /* Debug */ = {
			isa = XCBuildConfiguration;
			buildSettings = {
				ALWAYS_EMBED_SWIFT_STANDARD_LIBRARIES = YES;
				CODE_SIGN_STYLE = Automatic;
				DEVELOPMENT_TEAM = LUER35A27W;
				INFOPLIST_FILE = RaccoonUITests/Info.plist;
				LD_RUNPATH_SEARCH_PATHS = (
					"$(inherited)",
					"@executable_path/Frameworks",
					"@loader_path/Frameworks",
				);
				PRODUCT_BUNDLE_IDENTIFIER = thekan.com.RaccoonUITests;
				PRODUCT_NAME = "$(TARGET_NAME)";
				SWIFT_VERSION = 4.2;
				TARGETED_DEVICE_FAMILY = "1,2";
				TEST_TARGET_NAME = Raccoon;
			};
			name = Debug;
		};
		935D6F1E21873CBF006D6ACB /* Release */ = {
			isa = XCBuildConfiguration;
			buildSettings = {
				ALWAYS_EMBED_SWIFT_STANDARD_LIBRARIES = YES;
				CODE_SIGN_STYLE = Automatic;
				DEVELOPMENT_TEAM = LUER35A27W;
				INFOPLIST_FILE = RaccoonUITests/Info.plist;
				LD_RUNPATH_SEARCH_PATHS = (
					"$(inherited)",
					"@executable_path/Frameworks",
					"@loader_path/Frameworks",
				);
				PRODUCT_BUNDLE_IDENTIFIER = thekan.com.RaccoonUITests;
				PRODUCT_NAME = "$(TARGET_NAME)";
				SWIFT_VERSION = 4.2;
				TARGETED_DEVICE_FAMILY = "1,2";
				TEST_TARGET_NAME = Raccoon;
			};
			name = Release;
		};
/* End XCBuildConfiguration section */

/* Begin XCConfigurationList section */
		935D6EE921873CBD006D6ACB /* Build configuration list for PBXProject "Raccoon" */ = {
			isa = XCConfigurationList;
			buildConfigurations = (
				935D6F1421873CBF006D6ACB /* Debug */,
				935D6F1521873CBF006D6ACB /* Release */,
			);
			defaultConfigurationIsVisible = 0;
			defaultConfigurationName = Release;
		};
		935D6F1621873CBF006D6ACB /* Build configuration list for PBXNativeTarget "Raccoon" */ = {
			isa = XCConfigurationList;
			buildConfigurations = (
				935D6F1721873CBF006D6ACB /* Debug */,
				935D6F1821873CBF006D6ACB /* Release */,
			);
			defaultConfigurationIsVisible = 0;
			defaultConfigurationName = Release;
		};
		935D6F1921873CBF006D6ACB /* Build configuration list for PBXNativeTarget "RaccoonTests" */ = {
			isa = XCConfigurationList;
			buildConfigurations = (
				935D6F1A21873CBF006D6ACB /* Debug */,
				935D6F1B21873CBF006D6ACB /* Release */,
			);
			defaultConfigurationIsVisible = 0;
			defaultConfigurationName = Release;
		};
		935D6F1C21873CBF006D6ACB /* Build configuration list for PBXNativeTarget "RaccoonUITests" */ = {
			isa = XCConfigurationList;
			buildConfigurations = (
				935D6F1D21873CBF006D6ACB /* Debug */,
				935D6F1E21873CBF006D6ACB /* Release */,
			);
			defaultConfigurationIsVisible = 0;
			defaultConfigurationName = Release;
		};
/* End XCConfigurationList section */
	};
	rootObject = 935D6EE621873CBD006D6ACB /* Project object */;
}
